
Microsoft Visual Studio Solution File, Format Version 12.00
# Visual Studio Version 16
VisualStudioVersion = 16.0.29814.53
MinimumVisualStudioVersion = 10.0.40219.1
Project("{2150E333-8FDC-42A3-9474-1A3956D46DE8}") = "DomainDrivenDesign", "DomainDrivenDesign", "{F0E1D19D-1759-4642-86A4-1E8C81940F75}"
EndProject
Project("{2150E333-8FDC-42A3-9474-1A3956D46DE8}") = "_FW", "_FW", "{AAFC34E6-1D9C-4900-A9E2-1035B36D2318}"
EndProject
Project("{2150E333-8FDC-42A3-9474-1A3956D46DE8}") = "App", "App", "{EE53F660-EA0B-446A-A747-01BB7B920588}"
	ProjectSection(SolutionItems) = preProject
		readme.txt = readme.txt
	EndProjectSection
EndProject
Project("{2150E333-8FDC-42A3-9474-1A3956D46DE8}") = "1. ApplicationCore", "1. ApplicationCore", "{21270A5D-0F8F-4933-8C21-382D43BDFFB2}"
EndProject
Project("{2150E333-8FDC-42A3-9474-1A3956D46DE8}") = "2. DomainServices", "2. DomainServices", "{E263DB69-8936-4FEA-B98D-EE76F75862FF}"
EndProject
Project("{2150E333-8FDC-42A3-9474-1A3956D46DE8}") = "1. DomainModel", "1. DomainModel", "{46E09156-1DA0-4102-926F-DFBCD08914DA}"
EndProject
Project("{2150E333-8FDC-42A3-9474-1A3956D46DE8}") = "2. Infrastructure", "2. Infrastructure", "{3D584921-4514-4301-AE6A-8F361D18B90A}"
EndProject
Project("{9A19103F-16F7-4668-BE54-9A1E7A4F7556}") = "MyApplication.DomainModel", "MyApplication.DomainModel\MyApplication.DomainModel.csproj", "{7FDF756F-3953-45FB-B15F-82069CBFB880}"
EndProject
Project("{9A19103F-16F7-4668-BE54-9A1E7A4F7556}") = "MyApplication.DomainModel.Tests", "MyApplication.DomainModel.Tests\MyApplication.DomainModel.Tests.csproj", "{F1610344-5714-4A24-9E66-88A53C888D4C}"
EndProject
Project("{9A19103F-16F7-4668-BE54-9A1E7A4F7556}") = "MyApplication.DomainServices", "MyApplication.DomainServices\MyApplication.DomainServices.csproj", "{6169B2CA-F354-493B-8D1D-91C48B933ED4}"
EndProject
Project("{9A19103F-16F7-4668-BE54-9A1E7A4F7556}") = "MyApplication.DomainServices.UseCases", "MyApplication.DomainServices.UseCases\MyApplication.DomainServices.UseCases.csproj", "{734B7105-42C1-46B4-BEBB-165FF009BFBF}"
EndProject
Project("{9A19103F-16F7-4668-BE54-9A1E7A4F7556}") = "MyApplication.Infrastructure.CreateDatabase", "MyApplication.Infrastructure.CreateDatabase\MyApplication.Infrastructure.CreateDatabase.csproj", "{E67E2412-4ACC-4197-B59B-1D050FC672D4}"
EndProject
Project("{9A19103F-16F7-4668-BE54-9A1E7A4F7556}") = "MyApplication.Infrastructure.CreateJsonFile", "MyApplication.Infrastructure.CreateJsonFile\MyApplication.Infrastructure.CreateJsonFile.csproj", "{E6AA2998-345D-4895-8638-E0219C6EABD3}"
EndProject
Project("{9A19103F-16F7-4668-BE54-9A1E7A4F7556}") = "MyApplication.Infrastructure.EntityFramework", "MyApplication.Infrastructure.EntityFramework\MyApplication.Infrastructure.EntityFramework.csproj", "{8E0F6E53-A902-4BF5-A985-ACC46C968587}"
EndProject
Project("{9A19103F-16F7-4668-BE54-9A1E7A4F7556}") = "MyApplication.Infrastructure.Repositories.EntityFramework", "MyApplication.Infrastructure.Repositories.EntityFramework\MyApplication.Infrastructure.Repositories.EntityFramework.csproj", "{25479098-5D40-48E1-A8F6-31D4141CBD12}"
EndProject
Project("{9A19103F-16F7-4668-BE54-9A1E7A4F7556}") = "MyApplication.Infrastructure.Repositories.JsonFiles", "MyApplication.Infrastructure.Repositories.JsonFiles\MyApplication.Infrastructure.Repositories.JsonFiles.csproj", "{B2B15520-4C33-4712-B15F-838E84F1B15A}"
EndProject
Project("{9A19103F-16F7-4668-BE54-9A1E7A4F7556}") = "MySoftwareCompany.DDD", "MySoftwareCompany.DDD\MySoftwareCompany.DDD.csproj", "{62A59BDE-4E8E-4F62-9656-4391C8F8F019}"
EndProject
Project("{2150E333-8FDC-42A3-9474-1A3956D46DE8}") = "3. ApplicationServices", "3. ApplicationServices", "{B2E40E91-9800-447D-94DF-27BBA5E6C901}"
EndProject
Project("{2150E333-8FDC-42A3-9474-1A3956D46DE8}") = "3. Tests", "3. Tests", "{3A5A6D7D-7D82-46AE-8B31-CB097072BF30}"
EndProject
Project("{2150E333-8FDC-42A3-9474-1A3956D46DE8}") = "Data", "Data", "{732DBC44-8B4B-4D83-9FD4-E895145621A0}"
EndProject
Project("{2150E333-8FDC-42A3-9474-1A3956D46DE8}") = "APIHosts", "APIHosts", "{6B91C175-BE1F-46A3-B473-71D88B1D35D6}"
EndProject
Project("{9A19103F-16F7-4668-BE54-9A1E7A4F7556}") = "MyApplication.APIHost", "MyApplication.APIHost\MyApplication.APIHost.csproj", "{E040E113-1BDE-42FE-8DDC-2E4833013139}"
EndProject
Project("{2150E333-8FDC-42A3-9474-1A3956D46DE8}") = "4. UI", "4. UI", "{5D63FE2A-5EF6-443F-8AE2-9B2F27279069}"
EndProject
Project("{FAE04EC0-301F-11D3-BF4B-00C04F79EFBC}") = "MyApplication.UIWinForms", "MyApplication.UIWinForms\MyApplication.UIWinForms.csproj", "{28EC1B1B-5F0E-47BC-86F8-676B050AF098}"
EndProject
Project("{9A19103F-16F7-4668-BE54-9A1E7A4F7556}") = "MyApplication.ApplicationServices.Shared", "MyApplication.ApplicationServices.Shared\MyApplication.ApplicationServices.Shared.csproj", "{AAECA989-82C4-4BCF-92F6-F7EB89F7448F}"
EndProject
Project("{9A19103F-16F7-4668-BE54-9A1E7A4F7556}") = "MyApplication.UIBlazorApp", "MyApplication.UIBlazorApp\MyApplication.UIBlazorApp.csproj", "{6825EC17-F1D3-492C-9DF7-F51D5C5B5E88}"
EndProject
Project("{2150E333-8FDC-42A3-9474-1A3956D46DE8}") = "Web", "Web", "{D6090354-EA09-46F6-8387-F49C2990709F}"
EndProject
Project("{2150E333-8FDC-42A3-9474-1A3956D46DE8}") = "Desktop", "Desktop", "{2AAEF8DB-FEF8-43BE-AE02-D3DFD38DEF39}"
EndProject
Project("{2150E333-8FDC-42A3-9474-1A3956D46DE8}") = "Mobile", "Mobile", "{C0FE52A5-6188-4C20-B1F6-14D3D17B7327}"
EndProject
Project("{FAE04EC0-301F-11D3-BF4B-00C04F79EFBC}") = "MyApplication.XamarinFormsApp.UWP", "MyApplication.XamarinFormsApp\MyApplication.XamarinFormsApp.UWP\MyApplication.XamarinFormsApp.UWP.csproj", "{CC6C7C84-5312-454D-9626-ECAD906E5ED1}"
EndProject
Project("{FAE04EC0-301F-11D3-BF4B-00C04F79EFBC}") = "MyApplication.XamarinFormsApp.Android", "MyApplication.XamarinFormsApp\MyApplication.XamarinFormsApp.Android\MyApplication.XamarinFormsApp.Android.csproj", "{31F1D348-CEC1-43EA-8F29-20D67A0C2F97}"
EndProject
Project("{FAE04EC0-301F-11D3-BF4B-00C04F79EFBC}") = "MyApplication.XamarinFormsApp.iOS", "MyApplication.XamarinFormsApp\MyApplication.XamarinFormsApp.iOS\MyApplication.XamarinFormsApp.iOS.csproj", "{8D488DEB-42D7-4E47-B153-C7A5A9116AF3}"
EndProject
Project("{9A19103F-16F7-4668-BE54-9A1E7A4F7556}") = "MyApplication.XamarinFormsApp", "MyApplication.XamarinFormsApp\MyApplication.XamarinFormsApp\MyApplication.XamarinFormsApp.csproj", "{0C3F7916-BF66-4311-B682-21EFBA82BB06}"
EndProject
Project("{2150E333-8FDC-42A3-9474-1A3956D46DE8}") = "DDD", "DDD", "{1371F74E-4784-4161-A3D3-44B5CE564466}"
EndProject
Project("{9A19103F-16F7-4668-BE54-9A1E7A4F7556}") = "MyApplication.DomainInterfaces", "MyApplication.DomainInterfaces\MyApplication.DomainInterfaces.csproj", "{2079A947-52A2-4EFA-A88A-A5A8F662FBE6}"
EndProject
Project("{FAE04EC0-301F-11D3-BF4B-00C04F79EFBC}") = "MyApplication.ApplicationServices.DeliveryService", "MyApplication.ApplicationServices.DeliveryService\MyApplication.ApplicationServices.DeliveryService.csproj", "{ED73D98F-DB7A-4396-A85B-880C07BEB005}"
EndProject
Global
	GlobalSection(SolutionConfigurationPlatforms) = preSolution
		Debug|Any CPU = Debug|Any CPU
		Debug|ARM = Debug|ARM
		Debug|iPhone = Debug|iPhone
		Debug|iPhoneSimulator = Debug|iPhoneSimulator
		Debug|x64 = Debug|x64
		Debug|x86 = Debug|x86
		Release|Any CPU = Release|Any CPU
		Release|ARM = Release|ARM
		Release|iPhone = Release|iPhone
		Release|iPhoneSimulator = Release|iPhoneSimulator
		Release|x64 = Release|x64
		Release|x86 = Release|x86
	EndGlobalSection
	GlobalSection(ProjectConfigurationPlatforms) = postSolution
		{7FDF756F-3953-45FB-B15F-82069CBFB880}.Debug|Any CPU.ActiveCfg = Debug|Any CPU
		{7FDF756F-3953-45FB-B15F-82069CBFB880}.Debug|Any CPU.Build.0 = Debug|Any CPU
		{7FDF756F-3953-45FB-B15F-82069CBFB880}.Debug|ARM.ActiveCfg = Debug|Any CPU
		{7FDF756F-3953-45FB-B15F-82069CBFB880}.Debug|ARM.Build.0 = Debug|Any CPU
		{7FDF756F-3953-45FB-B15F-82069CBFB880}.Debug|iPhone.ActiveCfg = Debug|Any CPU
		{7FDF756F-3953-45FB-B15F-82069CBFB880}.Debug|iPhone.Build.0 = Debug|Any CPU
		{7FDF756F-3953-45FB-B15F-82069CBFB880}.Debug|iPhoneSimulator.ActiveCfg = Debug|Any CPU
		{7FDF756F-3953-45FB-B15F-82069CBFB880}.Debug|iPhoneSimulator.Build.0 = Debug|Any CPU
		{7FDF756F-3953-45FB-B15F-82069CBFB880}.Debug|x64.ActiveCfg = Debug|Any CPU
		{7FDF756F-3953-45FB-B15F-82069CBFB880}.Debug|x64.Build.0 = Debug|Any CPU
		{7FDF756F-3953-45FB-B15F-82069CBFB880}.Debug|x86.ActiveCfg = Debug|Any CPU
		{7FDF756F-3953-45FB-B15F-82069CBFB880}.Debug|x86.Build.0 = Debug|Any CPU
		{7FDF756F-3953-45FB-B15F-82069CBFB880}.Release|Any CPU.ActiveCfg = Release|Any CPU
		{7FDF756F-3953-45FB-B15F-82069CBFB880}.Release|Any CPU.Build.0 = Release|Any CPU
		{7FDF756F-3953-45FB-B15F-82069CBFB880}.Release|ARM.ActiveCfg = Release|Any CPU
		{7FDF756F-3953-45FB-B15F-82069CBFB880}.Release|ARM.Build.0 = Release|Any CPU
		{7FDF756F-3953-45FB-B15F-82069CBFB880}.Release|iPhone.ActiveCfg = Release|Any CPU
		{7FDF756F-3953-45FB-B15F-82069CBFB880}.Release|iPhone.Build.0 = Release|Any CPU
		{7FDF756F-3953-45FB-B15F-82069CBFB880}.Release|iPhoneSimulator.ActiveCfg = Release|Any CPU
		{7FDF756F-3953-45FB-B15F-82069CBFB880}.Release|iPhoneSimulator.Build.0 = Release|Any CPU
		{7FDF756F-3953-45FB-B15F-82069CBFB880}.Release|x64.ActiveCfg = Release|Any CPU
		{7FDF756F-3953-45FB-B15F-82069CBFB880}.Release|x64.Build.0 = Release|Any CPU
		{7FDF756F-3953-45FB-B15F-82069CBFB880}.Release|x86.ActiveCfg = Release|Any CPU
		{7FDF756F-3953-45FB-B15F-82069CBFB880}.Release|x86.Build.0 = Release|Any CPU
		{F1610344-5714-4A24-9E66-88A53C888D4C}.Debug|Any CPU.ActiveCfg = Debug|Any CPU
		{F1610344-5714-4A24-9E66-88A53C888D4C}.Debug|Any CPU.Build.0 = Debug|Any CPU
		{F1610344-5714-4A24-9E66-88A53C888D4C}.Debug|ARM.ActiveCfg = Debug|Any CPU
		{F1610344-5714-4A24-9E66-88A53C888D4C}.Debug|ARM.Build.0 = Debug|Any CPU
		{F1610344-5714-4A24-9E66-88A53C888D4C}.Debug|iPhone.ActiveCfg = Debug|Any CPU
		{F1610344-5714-4A24-9E66-88A53C888D4C}.Debug|iPhone.Build.0 = Debug|Any CPU
		{F1610344-5714-4A24-9E66-88A53C888D4C}.Debug|iPhoneSimulator.ActiveCfg = Debug|Any CPU
		{F1610344-5714-4A24-9E66-88A53C888D4C}.Debug|iPhoneSimulator.Build.0 = Debug|Any CPU
		{F1610344-5714-4A24-9E66-88A53C888D4C}.Debug|x64.ActiveCfg = Debug|Any CPU
		{F1610344-5714-4A24-9E66-88A53C888D4C}.Debug|x64.Build.0 = Debug|Any CPU
		{F1610344-5714-4A24-9E66-88A53C888D4C}.Debug|x86.ActiveCfg = Debug|Any CPU
		{F1610344-5714-4A24-9E66-88A53C888D4C}.Debug|x86.Build.0 = Debug|Any CPU
		{F1610344-5714-4A24-9E66-88A53C888D4C}.Release|Any CPU.ActiveCfg = Release|Any CPU
		{F1610344-5714-4A24-9E66-88A53C888D4C}.Release|Any CPU.Build.0 = Release|Any CPU
		{F1610344-5714-4A24-9E66-88A53C888D4C}.Release|ARM.ActiveCfg = Release|Any CPU
		{F1610344-5714-4A24-9E66-88A53C888D4C}.Release|ARM.Build.0 = Release|Any CPU
		{F1610344-5714-4A24-9E66-88A53C888D4C}.Release|iPhone.ActiveCfg = Release|Any CPU
		{F1610344-5714-4A24-9E66-88A53C888D4C}.Release|iPhone.Build.0 = Release|Any CPU
		{F1610344-5714-4A24-9E66-88A53C888D4C}.Release|iPhoneSimulator.ActiveCfg = Release|Any CPU
		{F1610344-5714-4A24-9E66-88A53C888D4C}.Release|iPhoneSimulator.Build.0 = Release|Any CPU
		{F1610344-5714-4A24-9E66-88A53C888D4C}.Release|x64.ActiveCfg = Release|Any CPU
		{F1610344-5714-4A24-9E66-88A53C888D4C}.Release|x64.Build.0 = Release|Any CPU
		{F1610344-5714-4A24-9E66-88A53C888D4C}.Release|x86.ActiveCfg = Release|Any CPU
		{F1610344-5714-4A24-9E66-88A53C888D4C}.Release|x86.Build.0 = Release|Any CPU
		{6169B2CA-F354-493B-8D1D-91C48B933ED4}.Debug|Any CPU.ActiveCfg = Debug|Any CPU
		{6169B2CA-F354-493B-8D1D-91C48B933ED4}.Debug|Any CPU.Build.0 = Debug|Any CPU
		{6169B2CA-F354-493B-8D1D-91C48B933ED4}.Debug|ARM.ActiveCfg = Debug|Any CPU
		{6169B2CA-F354-493B-8D1D-91C48B933ED4}.Debug|ARM.Build.0 = Debug|Any CPU
		{6169B2CA-F354-493B-8D1D-91C48B933ED4}.Debug|iPhone.ActiveCfg = Debug|Any CPU
		{6169B2CA-F354-493B-8D1D-91C48B933ED4}.Debug|iPhone.Build.0 = Debug|Any CPU
		{6169B2CA-F354-493B-8D1D-91C48B933ED4}.Debug|iPhoneSimulator.ActiveCfg = Debug|Any CPU
		{6169B2CA-F354-493B-8D1D-91C48B933ED4}.Debug|iPhoneSimulator.Build.0 = Debug|Any CPU
		{6169B2CA-F354-493B-8D1D-91C48B933ED4}.Debug|x64.ActiveCfg = Debug|Any CPU
		{6169B2CA-F354-493B-8D1D-91C48B933ED4}.Debug|x64.Build.0 = Debug|Any CPU
		{6169B2CA-F354-493B-8D1D-91C48B933ED4}.Debug|x86.ActiveCfg = Debug|Any CPU
		{6169B2CA-F354-493B-8D1D-91C48B933ED4}.Debug|x86.Build.0 = Debug|Any CPU
		{6169B2CA-F354-493B-8D1D-91C48B933ED4}.Release|Any CPU.ActiveCfg = Release|Any CPU
		{6169B2CA-F354-493B-8D1D-91C48B933ED4}.Release|Any CPU.Build.0 = Release|Any CPU
		{6169B2CA-F354-493B-8D1D-91C48B933ED4}.Release|ARM.ActiveCfg = Release|Any CPU
		{6169B2CA-F354-493B-8D1D-91C48B933ED4}.Release|ARM.Build.0 = Release|Any CPU
		{6169B2CA-F354-493B-8D1D-91C48B933ED4}.Release|iPhone.ActiveCfg = Release|Any CPU
		{6169B2CA-F354-493B-8D1D-91C48B933ED4}.Release|iPhone.Build.0 = Release|Any CPU
		{6169B2CA-F354-493B-8D1D-91C48B933ED4}.Release|iPhoneSimulator.ActiveCfg = Release|Any CPU
		{6169B2CA-F354-493B-8D1D-91C48B933ED4}.Release|iPhoneSimulator.Build.0 = Release|Any CPU
		{6169B2CA-F354-493B-8D1D-91C48B933ED4}.Release|x64.ActiveCfg = Release|Any CPU
		{6169B2CA-F354-493B-8D1D-91C48B933ED4}.Release|x64.Build.0 = Release|Any CPU
		{6169B2CA-F354-493B-8D1D-91C48B933ED4}.Release|x86.ActiveCfg = Release|Any CPU
		{6169B2CA-F354-493B-8D1D-91C48B933ED4}.Release|x86.Build.0 = Release|Any CPU
		{734B7105-42C1-46B4-BEBB-165FF009BFBF}.Debug|Any CPU.ActiveCfg = Debug|Any CPU
		{734B7105-42C1-46B4-BEBB-165FF009BFBF}.Debug|Any CPU.Build.0 = Debug|Any CPU
		{734B7105-42C1-46B4-BEBB-165FF009BFBF}.Debug|ARM.ActiveCfg = Debug|Any CPU
		{734B7105-42C1-46B4-BEBB-165FF009BFBF}.Debug|ARM.Build.0 = Debug|Any CPU
		{734B7105-42C1-46B4-BEBB-165FF009BFBF}.Debug|iPhone.ActiveCfg = Debug|Any CPU
		{734B7105-42C1-46B4-BEBB-165FF009BFBF}.Debug|iPhone.Build.0 = Debug|Any CPU
		{734B7105-42C1-46B4-BEBB-165FF009BFBF}.Debug|iPhoneSimulator.ActiveCfg = Debug|Any CPU
		{734B7105-42C1-46B4-BEBB-165FF009BFBF}.Debug|iPhoneSimulator.Build.0 = Debug|Any CPU
		{734B7105-42C1-46B4-BEBB-165FF009BFBF}.Debug|x64.ActiveCfg = Debug|Any CPU
		{734B7105-42C1-46B4-BEBB-165FF009BFBF}.Debug|x64.Build.0 = Debug|Any CPU
		{734B7105-42C1-46B4-BEBB-165FF009BFBF}.Debug|x86.ActiveCfg = Debug|Any CPU
		{734B7105-42C1-46B4-BEBB-165FF009BFBF}.Debug|x86.Build.0 = Debug|Any CPU
		{734B7105-42C1-46B4-BEBB-165FF009BFBF}.Release|Any CPU.ActiveCfg = Release|Any CPU
		{734B7105-42C1-46B4-BEBB-165FF009BFBF}.Release|Any CPU.Build.0 = Release|Any CPU
		{734B7105-42C1-46B4-BEBB-165FF009BFBF}.Release|ARM.ActiveCfg = Release|Any CPU
		{734B7105-42C1-46B4-BEBB-165FF009BFBF}.Release|ARM.Build.0 = Release|Any CPU
		{734B7105-42C1-46B4-BEBB-165FF009BFBF}.Release|iPhone.ActiveCfg = Release|Any CPU
		{734B7105-42C1-46B4-BEBB-165FF009BFBF}.Release|iPhone.Build.0 = Release|Any CPU
		{734B7105-42C1-46B4-BEBB-165FF009BFBF}.Release|iPhoneSimulator.ActiveCfg = Release|Any CPU
		{734B7105-42C1-46B4-BEBB-165FF009BFBF}.Release|iPhoneSimulator.Build.0 = Release|Any CPU
		{734B7105-42C1-46B4-BEBB-165FF009BFBF}.Release|x64.ActiveCfg = Release|Any CPU
		{734B7105-42C1-46B4-BEBB-165FF009BFBF}.Release|x64.Build.0 = Release|Any CPU
		{734B7105-42C1-46B4-BEBB-165FF009BFBF}.Release|x86.ActiveCfg = Release|Any CPU
		{734B7105-42C1-46B4-BEBB-165FF009BFBF}.Release|x86.Build.0 = Release|Any CPU
		{E67E2412-4ACC-4197-B59B-1D050FC672D4}.Debug|Any CPU.ActiveCfg = Debug|Any CPU
		{E67E2412-4ACC-4197-B59B-1D050FC672D4}.Debug|Any CPU.Build.0 = Debug|Any CPU
		{E67E2412-4ACC-4197-B59B-1D050FC672D4}.Debug|ARM.ActiveCfg = Debug|Any CPU
		{E67E2412-4ACC-4197-B59B-1D050FC672D4}.Debug|ARM.Build.0 = Debug|Any CPU
		{E67E2412-4ACC-4197-B59B-1D050FC672D4}.Debug|iPhone.ActiveCfg = Debug|Any CPU
		{E67E2412-4ACC-4197-B59B-1D050FC672D4}.Debug|iPhone.Build.0 = Debug|Any CPU
		{E67E2412-4ACC-4197-B59B-1D050FC672D4}.Debug|iPhoneSimulator.ActiveCfg = Debug|Any CPU
		{E67E2412-4ACC-4197-B59B-1D050FC672D4}.Debug|iPhoneSimulator.Build.0 = Debug|Any CPU
		{E67E2412-4ACC-4197-B59B-1D050FC672D4}.Debug|x64.ActiveCfg = Debug|Any CPU
		{E67E2412-4ACC-4197-B59B-1D050FC672D4}.Debug|x64.Build.0 = Debug|Any CPU
		{E67E2412-4ACC-4197-B59B-1D050FC672D4}.Debug|x86.ActiveCfg = Debug|Any CPU
		{E67E2412-4ACC-4197-B59B-1D050FC672D4}.Debug|x86.Build.0 = Debug|Any CPU
		{E67E2412-4ACC-4197-B59B-1D050FC672D4}.Release|Any CPU.ActiveCfg = Release|Any CPU
		{E67E2412-4ACC-4197-B59B-1D050FC672D4}.Release|Any CPU.Build.0 = Release|Any CPU
		{E67E2412-4ACC-4197-B59B-1D050FC672D4}.Release|ARM.ActiveCfg = Release|Any CPU
		{E67E2412-4ACC-4197-B59B-1D050FC672D4}.Release|ARM.Build.0 = Release|Any CPU
		{E67E2412-4ACC-4197-B59B-1D050FC672D4}.Release|iPhone.ActiveCfg = Release|Any CPU
		{E67E2412-4ACC-4197-B59B-1D050FC672D4}.Release|iPhone.Build.0 = Release|Any CPU
		{E67E2412-4ACC-4197-B59B-1D050FC672D4}.Release|iPhoneSimulator.ActiveCfg = Release|Any CPU
		{E67E2412-4ACC-4197-B59B-1D050FC672D4}.Release|iPhoneSimulator.Build.0 = Release|Any CPU
		{E67E2412-4ACC-4197-B59B-1D050FC672D4}.Release|x64.ActiveCfg = Release|Any CPU
		{E67E2412-4ACC-4197-B59B-1D050FC672D4}.Release|x64.Build.0 = Release|Any CPU
		{E67E2412-4ACC-4197-B59B-1D050FC672D4}.Release|x86.ActiveCfg = Release|Any CPU
		{E67E2412-4ACC-4197-B59B-1D050FC672D4}.Release|x86.Build.0 = Release|Any CPU
		{E6AA2998-345D-4895-8638-E0219C6EABD3}.Debug|Any CPU.ActiveCfg = Debug|Any CPU
		{E6AA2998-345D-4895-8638-E0219C6EABD3}.Debug|Any CPU.Build.0 = Debug|Any CPU
		{E6AA2998-345D-4895-8638-E0219C6EABD3}.Debug|ARM.ActiveCfg = Debug|Any CPU
		{E6AA2998-345D-4895-8638-E0219C6EABD3}.Debug|ARM.Build.0 = Debug|Any CPU
		{E6AA2998-345D-4895-8638-E0219C6EABD3}.Debug|iPhone.ActiveCfg = Debug|Any CPU
		{E6AA2998-345D-4895-8638-E0219C6EABD3}.Debug|iPhone.Build.0 = Debug|Any CPU
		{E6AA2998-345D-4895-8638-E0219C6EABD3}.Debug|iPhoneSimulator.ActiveCfg = Debug|Any CPU
		{E6AA2998-345D-4895-8638-E0219C6EABD3}.Debug|iPhoneSimulator.Build.0 = Debug|Any CPU
		{E6AA2998-345D-4895-8638-E0219C6EABD3}.Debug|x64.ActiveCfg = Debug|Any CPU
		{E6AA2998-345D-4895-8638-E0219C6EABD3}.Debug|x64.Build.0 = Debug|Any CPU
		{E6AA2998-345D-4895-8638-E0219C6EABD3}.Debug|x86.ActiveCfg = Debug|Any CPU
		{E6AA2998-345D-4895-8638-E0219C6EABD3}.Debug|x86.Build.0 = Debug|Any CPU
		{E6AA2998-345D-4895-8638-E0219C6EABD3}.Release|Any CPU.ActiveCfg = Release|Any CPU
		{E6AA2998-345D-4895-8638-E0219C6EABD3}.Release|Any CPU.Build.0 = Release|Any CPU
		{E6AA2998-345D-4895-8638-E0219C6EABD3}.Release|ARM.ActiveCfg = Release|Any CPU
		{E6AA2998-345D-4895-8638-E0219C6EABD3}.Release|ARM.Build.0 = Release|Any CPU
		{E6AA2998-345D-4895-8638-E0219C6EABD3}.Release|iPhone.ActiveCfg = Release|Any CPU
		{E6AA2998-345D-4895-8638-E0219C6EABD3}.Release|iPhone.Build.0 = Release|Any CPU
		{E6AA2998-345D-4895-8638-E0219C6EABD3}.Release|iPhoneSimulator.ActiveCfg = Release|Any CPU
		{E6AA2998-345D-4895-8638-E0219C6EABD3}.Release|iPhoneSimulator.Build.0 = Release|Any CPU
		{E6AA2998-345D-4895-8638-E0219C6EABD3}.Release|x64.ActiveCfg = Release|Any CPU
		{E6AA2998-345D-4895-8638-E0219C6EABD3}.Release|x64.Build.0 = Release|Any CPU
		{E6AA2998-345D-4895-8638-E0219C6EABD3}.Release|x86.ActiveCfg = Release|Any CPU
		{E6AA2998-345D-4895-8638-E0219C6EABD3}.Release|x86.Build.0 = Release|Any CPU
		{8E0F6E53-A902-4BF5-A985-ACC46C968587}.Debug|Any CPU.ActiveCfg = Debug|Any CPU
		{8E0F6E53-A902-4BF5-A985-ACC46C968587}.Debug|Any CPU.Build.0 = Debug|Any CPU
		{8E0F6E53-A902-4BF5-A985-ACC46C968587}.Debug|ARM.ActiveCfg = Debug|Any CPU
		{8E0F6E53-A902-4BF5-A985-ACC46C968587}.Debug|ARM.Build.0 = Debug|Any CPU
		{8E0F6E53-A902-4BF5-A985-ACC46C968587}.Debug|iPhone.ActiveCfg = Debug|Any CPU
		{8E0F6E53-A902-4BF5-A985-ACC46C968587}.Debug|iPhone.Build.0 = Debug|Any CPU
		{8E0F6E53-A902-4BF5-A985-ACC46C968587}.Debug|iPhoneSimulator.ActiveCfg = Debug|Any CPU
		{8E0F6E53-A902-4BF5-A985-ACC46C968587}.Debug|iPhoneSimulator.Build.0 = Debug|Any CPU
		{8E0F6E53-A902-4BF5-A985-ACC46C968587}.Debug|x64.ActiveCfg = Debug|Any CPU
		{8E0F6E53-A902-4BF5-A985-ACC46C968587}.Debug|x64.Build.0 = Debug|Any CPU
		{8E0F6E53-A902-4BF5-A985-ACC46C968587}.Debug|x86.ActiveCfg = Debug|Any CPU
		{8E0F6E53-A902-4BF5-A985-ACC46C968587}.Debug|x86.Build.0 = Debug|Any CPU
		{8E0F6E53-A902-4BF5-A985-ACC46C968587}.Release|Any CPU.ActiveCfg = Release|Any CPU
		{8E0F6E53-A902-4BF5-A985-ACC46C968587}.Release|Any CPU.Build.0 = Release|Any CPU
		{8E0F6E53-A902-4BF5-A985-ACC46C968587}.Release|ARM.ActiveCfg = Release|Any CPU
		{8E0F6E53-A902-4BF5-A985-ACC46C968587}.Release|ARM.Build.0 = Release|Any CPU
		{8E0F6E53-A902-4BF5-A985-ACC46C968587}.Release|iPhone.ActiveCfg = Release|Any CPU
		{8E0F6E53-A902-4BF5-A985-ACC46C968587}.Release|iPhone.Build.0 = Release|Any CPU
		{8E0F6E53-A902-4BF5-A985-ACC46C968587}.Release|iPhoneSimulator.ActiveCfg = Release|Any CPU
		{8E0F6E53-A902-4BF5-A985-ACC46C968587}.Release|iPhoneSimulator.Build.0 = Release|Any CPU
		{8E0F6E53-A902-4BF5-A985-ACC46C968587}.Release|x64.ActiveCfg = Release|Any CPU
		{8E0F6E53-A902-4BF5-A985-ACC46C968587}.Release|x64.Build.0 = Release|Any CPU
		{8E0F6E53-A902-4BF5-A985-ACC46C968587}.Release|x86.ActiveCfg = Release|Any CPU
		{8E0F6E53-A902-4BF5-A985-ACC46C968587}.Release|x86.Build.0 = Release|Any CPU
		{25479098-5D40-48E1-A8F6-31D4141CBD12}.Debug|Any CPU.ActiveCfg = Debug|Any CPU
		{25479098-5D40-48E1-A8F6-31D4141CBD12}.Debug|Any CPU.Build.0 = Debug|Any CPU
		{25479098-5D40-48E1-A8F6-31D4141CBD12}.Debug|ARM.ActiveCfg = Debug|Any CPU
		{25479098-5D40-48E1-A8F6-31D4141CBD12}.Debug|ARM.Build.0 = Debug|Any CPU
		{25479098-5D40-48E1-A8F6-31D4141CBD12}.Debug|iPhone.ActiveCfg = Debug|Any CPU
		{25479098-5D40-48E1-A8F6-31D4141CBD12}.Debug|iPhone.Build.0 = Debug|Any CPU
		{25479098-5D40-48E1-A8F6-31D4141CBD12}.Debug|iPhoneSimulator.ActiveCfg = Debug|Any CPU
		{25479098-5D40-48E1-A8F6-31D4141CBD12}.Debug|iPhoneSimulator.Build.0 = Debug|Any CPU
		{25479098-5D40-48E1-A8F6-31D4141CBD12}.Debug|x64.ActiveCfg = Debug|Any CPU
		{25479098-5D40-48E1-A8F6-31D4141CBD12}.Debug|x64.Build.0 = Debug|Any CPU
		{25479098-5D40-48E1-A8F6-31D4141CBD12}.Debug|x86.ActiveCfg = Debug|Any CPU
		{25479098-5D40-48E1-A8F6-31D4141CBD12}.Debug|x86.Build.0 = Debug|Any CPU
		{25479098-5D40-48E1-A8F6-31D4141CBD12}.Release|Any CPU.ActiveCfg = Release|Any CPU
		{25479098-5D40-48E1-A8F6-31D4141CBD12}.Release|Any CPU.Build.0 = Release|Any CPU
		{25479098-5D40-48E1-A8F6-31D4141CBD12}.Release|ARM.ActiveCfg = Release|Any CPU
		{25479098-5D40-48E1-A8F6-31D4141CBD12}.Release|ARM.Build.0 = Release|Any CPU
		{25479098-5D40-48E1-A8F6-31D4141CBD12}.Release|iPhone.ActiveCfg = Release|Any CPU
		{25479098-5D40-48E1-A8F6-31D4141CBD12}.Release|iPhone.Build.0 = Release|Any CPU
		{25479098-5D40-48E1-A8F6-31D4141CBD12}.Release|iPhoneSimulator.ActiveCfg = Release|Any CPU
		{25479098-5D40-48E1-A8F6-31D4141CBD12}.Release|iPhoneSimulator.Build.0 = Release|Any CPU
		{25479098-5D40-48E1-A8F6-31D4141CBD12}.Release|x64.ActiveCfg = Release|Any CPU
		{25479098-5D40-48E1-A8F6-31D4141CBD12}.Release|x64.Build.0 = Release|Any CPU
		{25479098-5D40-48E1-A8F6-31D4141CBD12}.Release|x86.ActiveCfg = Release|Any CPU
		{25479098-5D40-48E1-A8F6-31D4141CBD12}.Release|x86.Build.0 = Release|Any CPU
		{B2B15520-4C33-4712-B15F-838E84F1B15A}.Debug|Any CPU.ActiveCfg = Debug|Any CPU
		{B2B15520-4C33-4712-B15F-838E84F1B15A}.Debug|Any CPU.Build.0 = Debug|Any CPU
		{B2B15520-4C33-4712-B15F-838E84F1B15A}.Debug|ARM.ActiveCfg = Debug|Any CPU
		{B2B15520-4C33-4712-B15F-838E84F1B15A}.Debug|ARM.Build.0 = Debug|Any CPU
		{B2B15520-4C33-4712-B15F-838E84F1B15A}.Debug|iPhone.ActiveCfg = Debug|Any CPU
		{B2B15520-4C33-4712-B15F-838E84F1B15A}.Debug|iPhone.Build.0 = Debug|Any CPU
		{B2B15520-4C33-4712-B15F-838E84F1B15A}.Debug|iPhoneSimulator.ActiveCfg = Debug|Any CPU
		{B2B15520-4C33-4712-B15F-838E84F1B15A}.Debug|iPhoneSimulator.Build.0 = Debug|Any CPU
		{B2B15520-4C33-4712-B15F-838E84F1B15A}.Debug|x64.ActiveCfg = Debug|Any CPU
		{B2B15520-4C33-4712-B15F-838E84F1B15A}.Debug|x64.Build.0 = Debug|Any CPU
		{B2B15520-4C33-4712-B15F-838E84F1B15A}.Debug|x86.ActiveCfg = Debug|Any CPU
		{B2B15520-4C33-4712-B15F-838E84F1B15A}.Debug|x86.Build.0 = Debug|Any CPU
		{B2B15520-4C33-4712-B15F-838E84F1B15A}.Release|Any CPU.ActiveCfg = Release|Any CPU
		{B2B15520-4C33-4712-B15F-838E84F1B15A}.Release|Any CPU.Build.0 = Release|Any CPU
		{B2B15520-4C33-4712-B15F-838E84F1B15A}.Release|ARM.ActiveCfg = Release|Any CPU
		{B2B15520-4C33-4712-B15F-838E84F1B15A}.Release|ARM.Build.0 = Release|Any CPU
		{B2B15520-4C33-4712-B15F-838E84F1B15A}.Release|iPhone.ActiveCfg = Release|Any CPU
		{B2B15520-4C33-4712-B15F-838E84F1B15A}.Release|iPhone.Build.0 = Release|Any CPU
		{B2B15520-4C33-4712-B15F-838E84F1B15A}.Release|iPhoneSimulator.ActiveCfg = Release|Any CPU
		{B2B15520-4C33-4712-B15F-838E84F1B15A}.Release|iPhoneSimulator.Build.0 = Release|Any CPU
		{B2B15520-4C33-4712-B15F-838E84F1B15A}.Release|x64.ActiveCfg = Release|Any CPU
		{B2B15520-4C33-4712-B15F-838E84F1B15A}.Release|x64.Build.0 = Release|Any CPU
		{B2B15520-4C33-4712-B15F-838E84F1B15A}.Release|x86.ActiveCfg = Release|Any CPU
		{B2B15520-4C33-4712-B15F-838E84F1B15A}.Release|x86.Build.0 = Release|Any CPU
		{62A59BDE-4E8E-4F62-9656-4391C8F8F019}.Debug|Any CPU.ActiveCfg = Debug|Any CPU
		{62A59BDE-4E8E-4F62-9656-4391C8F8F019}.Debug|Any CPU.Build.0 = Debug|Any CPU
		{62A59BDE-4E8E-4F62-9656-4391C8F8F019}.Debug|ARM.ActiveCfg = Debug|Any CPU
		{62A59BDE-4E8E-4F62-9656-4391C8F8F019}.Debug|ARM.Build.0 = Debug|Any CPU
		{62A59BDE-4E8E-4F62-9656-4391C8F8F019}.Debug|iPhone.ActiveCfg = Debug|Any CPU
		{62A59BDE-4E8E-4F62-9656-4391C8F8F019}.Debug|iPhone.Build.0 = Debug|Any CPU
		{62A59BDE-4E8E-4F62-9656-4391C8F8F019}.Debug|iPhoneSimulator.ActiveCfg = Debug|Any CPU
		{62A59BDE-4E8E-4F62-9656-4391C8F8F019}.Debug|iPhoneSimulator.Build.0 = Debug|Any CPU
		{62A59BDE-4E8E-4F62-9656-4391C8F8F019}.Debug|x64.ActiveCfg = Debug|Any CPU
		{62A59BDE-4E8E-4F62-9656-4391C8F8F019}.Debug|x64.Build.0 = Debug|Any CPU
		{62A59BDE-4E8E-4F62-9656-4391C8F8F019}.Debug|x86.ActiveCfg = Debug|Any CPU
		{62A59BDE-4E8E-4F62-9656-4391C8F8F019}.Debug|x86.Build.0 = Debug|Any CPU
		{62A59BDE-4E8E-4F62-9656-4391C8F8F019}.Release|Any CPU.ActiveCfg = Release|Any CPU
		{62A59BDE-4E8E-4F62-9656-4391C8F8F019}.Release|Any CPU.Build.0 = Release|Any CPU
		{62A59BDE-4E8E-4F62-9656-4391C8F8F019}.Release|ARM.ActiveCfg = Release|Any CPU
		{62A59BDE-4E8E-4F62-9656-4391C8F8F019}.Release|ARM.Build.0 = Release|Any CPU
		{62A59BDE-4E8E-4F62-9656-4391C8F8F019}.Release|iPhone.ActiveCfg = Release|Any CPU
		{62A59BDE-4E8E-4F62-9656-4391C8F8F019}.Release|iPhone.Build.0 = Release|Any CPU
		{62A59BDE-4E8E-4F62-9656-4391C8F8F019}.Release|iPhoneSimulator.ActiveCfg = Release|Any CPU
		{62A59BDE-4E8E-4F62-9656-4391C8F8F019}.Release|iPhoneSimulator.Build.0 = Release|Any CPU
		{62A59BDE-4E8E-4F62-9656-4391C8F8F019}.Release|x64.ActiveCfg = Release|Any CPU
		{62A59BDE-4E8E-4F62-9656-4391C8F8F019}.Release|x64.Build.0 = Release|Any CPU
		{62A59BDE-4E8E-4F62-9656-4391C8F8F019}.Release|x86.ActiveCfg = Release|Any CPU
		{62A59BDE-4E8E-4F62-9656-4391C8F8F019}.Release|x86.Build.0 = Release|Any CPU
		{E040E113-1BDE-42FE-8DDC-2E4833013139}.Debug|Any CPU.ActiveCfg = Debug|Any CPU
		{E040E113-1BDE-42FE-8DDC-2E4833013139}.Debug|Any CPU.Build.0 = Debug|Any CPU
		{E040E113-1BDE-42FE-8DDC-2E4833013139}.Debug|ARM.ActiveCfg = Debug|Any CPU
		{E040E113-1BDE-42FE-8DDC-2E4833013139}.Debug|ARM.Build.0 = Debug|Any CPU
		{E040E113-1BDE-42FE-8DDC-2E4833013139}.Debug|iPhone.ActiveCfg = Debug|Any CPU
		{E040E113-1BDE-42FE-8DDC-2E4833013139}.Debug|iPhone.Build.0 = Debug|Any CPU
		{E040E113-1BDE-42FE-8DDC-2E4833013139}.Debug|iPhoneSimulator.ActiveCfg = Debug|Any CPU
		{E040E113-1BDE-42FE-8DDC-2E4833013139}.Debug|iPhoneSimulator.Build.0 = Debug|Any CPU
		{E040E113-1BDE-42FE-8DDC-2E4833013139}.Debug|x64.ActiveCfg = Debug|Any CPU
		{E040E113-1BDE-42FE-8DDC-2E4833013139}.Debug|x64.Build.0 = Debug|Any CPU
		{E040E113-1BDE-42FE-8DDC-2E4833013139}.Debug|x86.ActiveCfg = Debug|Any CPU
		{E040E113-1BDE-42FE-8DDC-2E4833013139}.Debug|x86.Build.0 = Debug|Any CPU
		{E040E113-1BDE-42FE-8DDC-2E4833013139}.Release|Any CPU.ActiveCfg = Release|Any CPU
		{E040E113-1BDE-42FE-8DDC-2E4833013139}.Release|Any CPU.Build.0 = Release|Any CPU
		{E040E113-1BDE-42FE-8DDC-2E4833013139}.Release|ARM.ActiveCfg = Release|Any CPU
		{E040E113-1BDE-42FE-8DDC-2E4833013139}.Release|ARM.Build.0 = Release|Any CPU
		{E040E113-1BDE-42FE-8DDC-2E4833013139}.Release|iPhone.ActiveCfg = Release|Any CPU
		{E040E113-1BDE-42FE-8DDC-2E4833013139}.Release|iPhone.Build.0 = Release|Any CPU
		{E040E113-1BDE-42FE-8DDC-2E4833013139}.Release|iPhoneSimulator.ActiveCfg = Release|Any CPU
		{E040E113-1BDE-42FE-8DDC-2E4833013139}.Release|iPhoneSimulator.Build.0 = Release|Any CPU
		{E040E113-1BDE-42FE-8DDC-2E4833013139}.Release|x64.ActiveCfg = Release|Any CPU
		{E040E113-1BDE-42FE-8DDC-2E4833013139}.Release|x64.Build.0 = Release|Any CPU
		{E040E113-1BDE-42FE-8DDC-2E4833013139}.Release|x86.ActiveCfg = Release|Any CPU
		{E040E113-1BDE-42FE-8DDC-2E4833013139}.Release|x86.Build.0 = Release|Any CPU
		{28EC1B1B-5F0E-47BC-86F8-676B050AF098}.Debug|Any CPU.ActiveCfg = Debug|Any CPU
		{28EC1B1B-5F0E-47BC-86F8-676B050AF098}.Debug|Any CPU.Build.0 = Debug|Any CPU
		{28EC1B1B-5F0E-47BC-86F8-676B050AF098}.Debug|ARM.ActiveCfg = Debug|Any CPU
		{28EC1B1B-5F0E-47BC-86F8-676B050AF098}.Debug|ARM.Build.0 = Debug|Any CPU
		{28EC1B1B-5F0E-47BC-86F8-676B050AF098}.Debug|iPhone.ActiveCfg = Debug|Any CPU
		{28EC1B1B-5F0E-47BC-86F8-676B050AF098}.Debug|iPhone.Build.0 = Debug|Any CPU
		{28EC1B1B-5F0E-47BC-86F8-676B050AF098}.Debug|iPhoneSimulator.ActiveCfg = Debug|Any CPU
		{28EC1B1B-5F0E-47BC-86F8-676B050AF098}.Debug|iPhoneSimulator.Build.0 = Debug|Any CPU
		{28EC1B1B-5F0E-47BC-86F8-676B050AF098}.Debug|x64.ActiveCfg = Debug|Any CPU
		{28EC1B1B-5F0E-47BC-86F8-676B050AF098}.Debug|x64.Build.0 = Debug|Any CPU
		{28EC1B1B-5F0E-47BC-86F8-676B050AF098}.Debug|x86.ActiveCfg = Debug|Any CPU
		{28EC1B1B-5F0E-47BC-86F8-676B050AF098}.Debug|x86.Build.0 = Debug|Any CPU
		{28EC1B1B-5F0E-47BC-86F8-676B050AF098}.Release|Any CPU.ActiveCfg = Release|Any CPU
		{28EC1B1B-5F0E-47BC-86F8-676B050AF098}.Release|Any CPU.Build.0 = Release|Any CPU
		{28EC1B1B-5F0E-47BC-86F8-676B050AF098}.Release|ARM.ActiveCfg = Release|Any CPU
		{28EC1B1B-5F0E-47BC-86F8-676B050AF098}.Release|ARM.Build.0 = Release|Any CPU
		{28EC1B1B-5F0E-47BC-86F8-676B050AF098}.Release|iPhone.ActiveCfg = Release|Any CPU
		{28EC1B1B-5F0E-47BC-86F8-676B050AF098}.Release|iPhone.Build.0 = Release|Any CPU
		{28EC1B1B-5F0E-47BC-86F8-676B050AF098}.Release|iPhoneSimulator.ActiveCfg = Release|Any CPU
		{28EC1B1B-5F0E-47BC-86F8-676B050AF098}.Release|iPhoneSimulator.Build.0 = Release|Any CPU
		{28EC1B1B-5F0E-47BC-86F8-676B050AF098}.Release|x64.ActiveCfg = Release|Any CPU
		{28EC1B1B-5F0E-47BC-86F8-676B050AF098}.Release|x64.Build.0 = Release|Any CPU
		{28EC1B1B-5F0E-47BC-86F8-676B050AF098}.Release|x86.ActiveCfg = Release|Any CPU
		{28EC1B1B-5F0E-47BC-86F8-676B050AF098}.Release|x86.Build.0 = Release|Any CPU
		{AAECA989-82C4-4BCF-92F6-F7EB89F7448F}.Debug|Any CPU.ActiveCfg = Debug|Any CPU
		{AAECA989-82C4-4BCF-92F6-F7EB89F7448F}.Debug|Any CPU.Build.0 = Debug|Any CPU
		{AAECA989-82C4-4BCF-92F6-F7EB89F7448F}.Debug|ARM.ActiveCfg = Debug|Any CPU
		{AAECA989-82C4-4BCF-92F6-F7EB89F7448F}.Debug|ARM.Build.0 = Debug|Any CPU
		{AAECA989-82C4-4BCF-92F6-F7EB89F7448F}.Debug|iPhone.ActiveCfg = Debug|Any CPU
		{AAECA989-82C4-4BCF-92F6-F7EB89F7448F}.Debug|iPhone.Build.0 = Debug|Any CPU
		{AAECA989-82C4-4BCF-92F6-F7EB89F7448F}.Debug|iPhoneSimulator.ActiveCfg = Debug|Any CPU
		{AAECA989-82C4-4BCF-92F6-F7EB89F7448F}.Debug|iPhoneSimulator.Build.0 = Debug|Any CPU
		{AAECA989-82C4-4BCF-92F6-F7EB89F7448F}.Debug|x64.ActiveCfg = Debug|Any CPU
		{AAECA989-82C4-4BCF-92F6-F7EB89F7448F}.Debug|x64.Build.0 = Debug|Any CPU
		{AAECA989-82C4-4BCF-92F6-F7EB89F7448F}.Debug|x86.ActiveCfg = Debug|Any CPU
		{AAECA989-82C4-4BCF-92F6-F7EB89F7448F}.Debug|x86.Build.0 = Debug|Any CPU
		{AAECA989-82C4-4BCF-92F6-F7EB89F7448F}.Release|Any CPU.ActiveCfg = Release|Any CPU
		{AAECA989-82C4-4BCF-92F6-F7EB89F7448F}.Release|Any CPU.Build.0 = Release|Any CPU
		{AAECA989-82C4-4BCF-92F6-F7EB89F7448F}.Release|ARM.ActiveCfg = Release|Any CPU
		{AAECA989-82C4-4BCF-92F6-F7EB89F7448F}.Release|ARM.Build.0 = Release|Any CPU
		{AAECA989-82C4-4BCF-92F6-F7EB89F7448F}.Release|iPhone.ActiveCfg = Release|Any CPU
		{AAECA989-82C4-4BCF-92F6-F7EB89F7448F}.Release|iPhone.Build.0 = Release|Any CPU
		{AAECA989-82C4-4BCF-92F6-F7EB89F7448F}.Release|iPhoneSimulator.ActiveCfg = Release|Any CPU
		{AAECA989-82C4-4BCF-92F6-F7EB89F7448F}.Release|iPhoneSimulator.Build.0 = Release|Any CPU
		{AAECA989-82C4-4BCF-92F6-F7EB89F7448F}.Release|x64.ActiveCfg = Release|Any CPU
		{AAECA989-82C4-4BCF-92F6-F7EB89F7448F}.Release|x64.Build.0 = Release|Any CPU
		{AAECA989-82C4-4BCF-92F6-F7EB89F7448F}.Release|x86.ActiveCfg = Release|Any CPU
		{AAECA989-82C4-4BCF-92F6-F7EB89F7448F}.Release|x86.Build.0 = Release|Any CPU
		{6825EC17-F1D3-492C-9DF7-F51D5C5B5E88}.Debug|Any CPU.ActiveCfg = Debug|Any CPU
		{6825EC17-F1D3-492C-9DF7-F51D5C5B5E88}.Debug|Any CPU.Build.0 = Debug|Any CPU
		{6825EC17-F1D3-492C-9DF7-F51D5C5B5E88}.Debug|ARM.ActiveCfg = Debug|Any CPU
		{6825EC17-F1D3-492C-9DF7-F51D5C5B5E88}.Debug|ARM.Build.0 = Debug|Any CPU
		{6825EC17-F1D3-492C-9DF7-F51D5C5B5E88}.Debug|iPhone.ActiveCfg = Debug|Any CPU
		{6825EC17-F1D3-492C-9DF7-F51D5C5B5E88}.Debug|iPhone.Build.0 = Debug|Any CPU
		{6825EC17-F1D3-492C-9DF7-F51D5C5B5E88}.Debug|iPhoneSimulator.ActiveCfg = Debug|Any CPU
		{6825EC17-F1D3-492C-9DF7-F51D5C5B5E88}.Debug|iPhoneSimulator.Build.0 = Debug|Any CPU
		{6825EC17-F1D3-492C-9DF7-F51D5C5B5E88}.Debug|x64.ActiveCfg = Debug|Any CPU
		{6825EC17-F1D3-492C-9DF7-F51D5C5B5E88}.Debug|x64.Build.0 = Debug|Any CPU
		{6825EC17-F1D3-492C-9DF7-F51D5C5B5E88}.Debug|x86.ActiveCfg = Debug|Any CPU
		{6825EC17-F1D3-492C-9DF7-F51D5C5B5E88}.Debug|x86.Build.0 = Debug|Any CPU
		{6825EC17-F1D3-492C-9DF7-F51D5C5B5E88}.Release|Any CPU.ActiveCfg = Release|Any CPU
		{6825EC17-F1D3-492C-9DF7-F51D5C5B5E88}.Release|Any CPU.Build.0 = Release|Any CPU
		{6825EC17-F1D3-492C-9DF7-F51D5C5B5E88}.Release|ARM.ActiveCfg = Release|Any CPU
		{6825EC17-F1D3-492C-9DF7-F51D5C5B5E88}.Release|ARM.Build.0 = Release|Any CPU
		{6825EC17-F1D3-492C-9DF7-F51D5C5B5E88}.Release|iPhone.ActiveCfg = Release|Any CPU
		{6825EC17-F1D3-492C-9DF7-F51D5C5B5E88}.Release|iPhone.Build.0 = Release|Any CPU
		{6825EC17-F1D3-492C-9DF7-F51D5C5B5E88}.Release|iPhoneSimulator.ActiveCfg = Release|Any CPU
		{6825EC17-F1D3-492C-9DF7-F51D5C5B5E88}.Release|iPhoneSimulator.Build.0 = Release|Any CPU
		{6825EC17-F1D3-492C-9DF7-F51D5C5B5E88}.Release|x64.ActiveCfg = Release|Any CPU
		{6825EC17-F1D3-492C-9DF7-F51D5C5B5E88}.Release|x64.Build.0 = Release|Any CPU
		{6825EC17-F1D3-492C-9DF7-F51D5C5B5E88}.Release|x86.ActiveCfg = Release|Any CPU
		{6825EC17-F1D3-492C-9DF7-F51D5C5B5E88}.Release|x86.Build.0 = Release|Any CPU
		{CC6C7C84-5312-454D-9626-ECAD906E5ED1}.Debug|Any CPU.ActiveCfg = Debug|x86
		{CC6C7C84-5312-454D-9626-ECAD906E5ED1}.Debug|ARM.ActiveCfg = Debug|ARM
		{CC6C7C84-5312-454D-9626-ECAD906E5ED1}.Debug|ARM.Build.0 = Debug|ARM
		{CC6C7C84-5312-454D-9626-ECAD906E5ED1}.Debug|ARM.Deploy.0 = Debug|ARM
		{CC6C7C84-5312-454D-9626-ECAD906E5ED1}.Debug|iPhone.ActiveCfg = Debug|x86
		{CC6C7C84-5312-454D-9626-ECAD906E5ED1}.Debug|iPhoneSimulator.ActiveCfg = Debug|x86
		{CC6C7C84-5312-454D-9626-ECAD906E5ED1}.Debug|x64.ActiveCfg = Debug|x64
		{CC6C7C84-5312-454D-9626-ECAD906E5ED1}.Debug|x64.Build.0 = Debug|x64
		{CC6C7C84-5312-454D-9626-ECAD906E5ED1}.Debug|x64.Deploy.0 = Debug|x64
		{CC6C7C84-5312-454D-9626-ECAD906E5ED1}.Debug|x86.ActiveCfg = Debug|x86
		{CC6C7C84-5312-454D-9626-ECAD906E5ED1}.Debug|x86.Build.0 = Debug|x86
		{CC6C7C84-5312-454D-9626-ECAD906E5ED1}.Debug|x86.Deploy.0 = Debug|x86
		{CC6C7C84-5312-454D-9626-ECAD906E5ED1}.Release|Any CPU.ActiveCfg = Release|x86
		{CC6C7C84-5312-454D-9626-ECAD906E5ED1}.Release|ARM.ActiveCfg = Release|ARM
		{CC6C7C84-5312-454D-9626-ECAD906E5ED1}.Release|ARM.Build.0 = Release|ARM
		{CC6C7C84-5312-454D-9626-ECAD906E5ED1}.Release|ARM.Deploy.0 = Release|ARM
		{CC6C7C84-5312-454D-9626-ECAD906E5ED1}.Release|iPhone.ActiveCfg = Release|x86
		{CC6C7C84-5312-454D-9626-ECAD906E5ED1}.Release|iPhoneSimulator.ActiveCfg = Release|x86
		{CC6C7C84-5312-454D-9626-ECAD906E5ED1}.Release|x64.ActiveCfg = Release|x64
		{CC6C7C84-5312-454D-9626-ECAD906E5ED1}.Release|x64.Build.0 = Release|x64
		{CC6C7C84-5312-454D-9626-ECAD906E5ED1}.Release|x64.Deploy.0 = Release|x64
		{CC6C7C84-5312-454D-9626-ECAD906E5ED1}.Release|x86.ActiveCfg = Release|x86
		{CC6C7C84-5312-454D-9626-ECAD906E5ED1}.Release|x86.Build.0 = Release|x86
		{CC6C7C84-5312-454D-9626-ECAD906E5ED1}.Release|x86.Deploy.0 = Release|x86
		{31F1D348-CEC1-43EA-8F29-20D67A0C2F97}.Debug|Any CPU.ActiveCfg = Debug|Any CPU
		{31F1D348-CEC1-43EA-8F29-20D67A0C2F97}.Debug|Any CPU.Build.0 = Debug|Any CPU
		{31F1D348-CEC1-43EA-8F29-20D67A0C2F97}.Debug|Any CPU.Deploy.0 = Debug|Any CPU
		{31F1D348-CEC1-43EA-8F29-20D67A0C2F97}.Debug|ARM.ActiveCfg = Debug|Any CPU
		{31F1D348-CEC1-43EA-8F29-20D67A0C2F97}.Debug|ARM.Build.0 = Debug|Any CPU
		{31F1D348-CEC1-43EA-8F29-20D67A0C2F97}.Debug|ARM.Deploy.0 = Debug|Any CPU
		{31F1D348-CEC1-43EA-8F29-20D67A0C2F97}.Debug|iPhone.ActiveCfg = Debug|Any CPU
		{31F1D348-CEC1-43EA-8F29-20D67A0C2F97}.Debug|iPhone.Build.0 = Debug|Any CPU
		{31F1D348-CEC1-43EA-8F29-20D67A0C2F97}.Debug|iPhone.Deploy.0 = Debug|Any CPU
		{31F1D348-CEC1-43EA-8F29-20D67A0C2F97}.Debug|iPhoneSimulator.ActiveCfg = Debug|Any CPU
		{31F1D348-CEC1-43EA-8F29-20D67A0C2F97}.Debug|iPhoneSimulator.Build.0 = Debug|Any CPU
		{31F1D348-CEC1-43EA-8F29-20D67A0C2F97}.Debug|iPhoneSimulator.Deploy.0 = Debug|Any CPU
		{31F1D348-CEC1-43EA-8F29-20D67A0C2F97}.Debug|x64.ActiveCfg = Debug|Any CPU
		{31F1D348-CEC1-43EA-8F29-20D67A0C2F97}.Debug|x64.Build.0 = Debug|Any CPU
		{31F1D348-CEC1-43EA-8F29-20D67A0C2F97}.Debug|x64.Deploy.0 = Debug|Any CPU
		{31F1D348-CEC1-43EA-8F29-20D67A0C2F97}.Debug|x86.ActiveCfg = Debug|Any CPU
		{31F1D348-CEC1-43EA-8F29-20D67A0C2F97}.Debug|x86.Build.0 = Debug|Any CPU
		{31F1D348-CEC1-43EA-8F29-20D67A0C2F97}.Debug|x86.Deploy.0 = Debug|Any CPU
		{31F1D348-CEC1-43EA-8F29-20D67A0C2F97}.Release|Any CPU.ActiveCfg = Release|Any CPU
		{31F1D348-CEC1-43EA-8F29-20D67A0C2F97}.Release|Any CPU.Build.0 = Release|Any CPU
		{31F1D348-CEC1-43EA-8F29-20D67A0C2F97}.Release|Any CPU.Deploy.0 = Release|Any CPU
		{31F1D348-CEC1-43EA-8F29-20D67A0C2F97}.Release|ARM.ActiveCfg = Release|Any CPU
		{31F1D348-CEC1-43EA-8F29-20D67A0C2F97}.Release|ARM.Build.0 = Release|Any CPU
		{31F1D348-CEC1-43EA-8F29-20D67A0C2F97}.Release|ARM.Deploy.0 = Release|Any CPU
		{31F1D348-CEC1-43EA-8F29-20D67A0C2F97}.Release|iPhone.ActiveCfg = Release|Any CPU
		{31F1D348-CEC1-43EA-8F29-20D67A0C2F97}.Release|iPhone.Build.0 = Release|Any CPU
		{31F1D348-CEC1-43EA-8F29-20D67A0C2F97}.Release|iPhone.Deploy.0 = Release|Any CPU
		{31F1D348-CEC1-43EA-8F29-20D67A0C2F97}.Release|iPhoneSimulator.ActiveCfg = Release|Any CPU
		{31F1D348-CEC1-43EA-8F29-20D67A0C2F97}.Release|iPhoneSimulator.Build.0 = Release|Any CPU
		{31F1D348-CEC1-43EA-8F29-20D67A0C2F97}.Release|iPhoneSimulator.Deploy.0 = Release|Any CPU
		{31F1D348-CEC1-43EA-8F29-20D67A0C2F97}.Release|x64.ActiveCfg = Release|Any CPU
		{31F1D348-CEC1-43EA-8F29-20D67A0C2F97}.Release|x64.Build.0 = Release|Any CPU
		{31F1D348-CEC1-43EA-8F29-20D67A0C2F97}.Release|x64.Deploy.0 = Release|Any CPU
		{31F1D348-CEC1-43EA-8F29-20D67A0C2F97}.Release|x86.ActiveCfg = Release|Any CPU
		{31F1D348-CEC1-43EA-8F29-20D67A0C2F97}.Release|x86.Build.0 = Release|Any CPU
		{31F1D348-CEC1-43EA-8F29-20D67A0C2F97}.Release|x86.Deploy.0 = Release|Any CPU
		{8D488DEB-42D7-4E47-B153-C7A5A9116AF3}.Debug|Any CPU.ActiveCfg = Debug|iPhone
		{8D488DEB-42D7-4E47-B153-C7A5A9116AF3}.Debug|ARM.ActiveCfg = Debug|iPhone
		{8D488DEB-42D7-4E47-B153-C7A5A9116AF3}.Debug|iPhone.ActiveCfg = Debug|iPhone
		{8D488DEB-42D7-4E47-B153-C7A5A9116AF3}.Debug|iPhone.Build.0 = Debug|iPhone
		{8D488DEB-42D7-4E47-B153-C7A5A9116AF3}.Debug|iPhoneSimulator.ActiveCfg = Debug|iPhoneSimulator
		{8D488DEB-42D7-4E47-B153-C7A5A9116AF3}.Debug|iPhoneSimulator.Build.0 = Debug|iPhoneSimulator
		{8D488DEB-42D7-4E47-B153-C7A5A9116AF3}.Debug|x64.ActiveCfg = Debug|iPhone
		{8D488DEB-42D7-4E47-B153-C7A5A9116AF3}.Debug|x86.ActiveCfg = Debug|iPhone
		{8D488DEB-42D7-4E47-B153-C7A5A9116AF3}.Release|Any CPU.ActiveCfg = Release|iPhone
		{8D488DEB-42D7-4E47-B153-C7A5A9116AF3}.Release|ARM.ActiveCfg = Release|iPhone
		{8D488DEB-42D7-4E47-B153-C7A5A9116AF3}.Release|iPhone.ActiveCfg = Release|iPhone
		{8D488DEB-42D7-4E47-B153-C7A5A9116AF3}.Release|iPhone.Build.0 = Release|iPhone
		{8D488DEB-42D7-4E47-B153-C7A5A9116AF3}.Release|iPhoneSimulator.ActiveCfg = Release|iPhoneSimulator
		{8D488DEB-42D7-4E47-B153-C7A5A9116AF3}.Release|iPhoneSimulator.Build.0 = Release|iPhoneSimulator
		{8D488DEB-42D7-4E47-B153-C7A5A9116AF3}.Release|x64.ActiveCfg = Release|iPhone
		{8D488DEB-42D7-4E47-B153-C7A5A9116AF3}.Release|x86.ActiveCfg = Release|iPhone
		{0C3F7916-BF66-4311-B682-21EFBA82BB06}.Debug|Any CPU.ActiveCfg = Debug|Any CPU
		{0C3F7916-BF66-4311-B682-21EFBA82BB06}.Debug|Any CPU.Build.0 = Debug|Any CPU
		{0C3F7916-BF66-4311-B682-21EFBA82BB06}.Debug|ARM.ActiveCfg = Debug|Any CPU
		{0C3F7916-BF66-4311-B682-21EFBA82BB06}.Debug|ARM.Build.0 = Debug|Any CPU
		{0C3F7916-BF66-4311-B682-21EFBA82BB06}.Debug|iPhone.ActiveCfg = Debug|Any CPU
		{0C3F7916-BF66-4311-B682-21EFBA82BB06}.Debug|iPhone.Build.0 = Debug|Any CPU
		{0C3F7916-BF66-4311-B682-21EFBA82BB06}.Debug|iPhoneSimulator.ActiveCfg = Debug|Any CPU
		{0C3F7916-BF66-4311-B682-21EFBA82BB06}.Debug|iPhoneSimulator.Build.0 = Debug|Any CPU
		{0C3F7916-BF66-4311-B682-21EFBA82BB06}.Debug|x64.ActiveCfg = Debug|Any CPU
		{0C3F7916-BF66-4311-B682-21EFBA82BB06}.Debug|x64.Build.0 = Debug|Any CPU
		{0C3F7916-BF66-4311-B682-21EFBA82BB06}.Debug|x86.ActiveCfg = Debug|Any CPU
		{0C3F7916-BF66-4311-B682-21EFBA82BB06}.Debug|x86.Build.0 = Debug|Any CPU
		{0C3F7916-BF66-4311-B682-21EFBA82BB06}.Release|Any CPU.ActiveCfg = Release|Any CPU
		{0C3F7916-BF66-4311-B682-21EFBA82BB06}.Release|Any CPU.Build.0 = Release|Any CPU
		{0C3F7916-BF66-4311-B682-21EFBA82BB06}.Release|ARM.ActiveCfg = Release|Any CPU
		{0C3F7916-BF66-4311-B682-21EFBA82BB06}.Release|ARM.Build.0 = Release|Any CPU
		{0C3F7916-BF66-4311-B682-21EFBA82BB06}.Release|iPhone.ActiveCfg = Release|Any CPU
		{0C3F7916-BF66-4311-B682-21EFBA82BB06}.Release|iPhone.Build.0 = Release|Any CPU
		{0C3F7916-BF66-4311-B682-21EFBA82BB06}.Release|iPhoneSimulator.ActiveCfg = Release|Any CPU
		{0C3F7916-BF66-4311-B682-21EFBA82BB06}.Release|iPhoneSimulator.Build.0 = Release|Any CPU
		{0C3F7916-BF66-4311-B682-21EFBA82BB06}.Release|x64.ActiveCfg = Release|Any CPU
		{0C3F7916-BF66-4311-B682-21EFBA82BB06}.Release|x64.Build.0 = Release|Any CPU
		{0C3F7916-BF66-4311-B682-21EFBA82BB06}.Release|x86.ActiveCfg = Release|Any CPU
		{0C3F7916-BF66-4311-B682-21EFBA82BB06}.Release|x86.Build.0 = Release|Any CPU
		{2079A947-52A2-4EFA-A88A-A5A8F662FBE6}.Debug|Any CPU.ActiveCfg = Debug|Any CPU
		{2079A947-52A2-4EFA-A88A-A5A8F662FBE6}.Debug|Any CPU.Build.0 = Debug|Any CPU
		{2079A947-52A2-4EFA-A88A-A5A8F662FBE6}.Debug|ARM.ActiveCfg = Debug|Any CPU
		{2079A947-52A2-4EFA-A88A-A5A8F662FBE6}.Debug|ARM.Build.0 = Debug|Any CPU
		{2079A947-52A2-4EFA-A88A-A5A8F662FBE6}.Debug|iPhone.ActiveCfg = Debug|Any CPU
		{2079A947-52A2-4EFA-A88A-A5A8F662FBE6}.Debug|iPhone.Build.0 = Debug|Any CPU
		{2079A947-52A2-4EFA-A88A-A5A8F662FBE6}.Debug|iPhoneSimulator.ActiveCfg = Debug|Any CPU
		{2079A947-52A2-4EFA-A88A-A5A8F662FBE6}.Debug|iPhoneSimulator.Build.0 = Debug|Any CPU
		{2079A947-52A2-4EFA-A88A-A5A8F662FBE6}.Debug|x64.ActiveCfg = Debug|Any CPU
		{2079A947-52A2-4EFA-A88A-A5A8F662FBE6}.Debug|x64.Build.0 = Debug|Any CPU
		{2079A947-52A2-4EFA-A88A-A5A8F662FBE6}.Debug|x86.ActiveCfg = Debug|Any CPU
		{2079A947-52A2-4EFA-A88A-A5A8F662FBE6}.Debug|x86.Build.0 = Debug|Any CPU
		{2079A947-52A2-4EFA-A88A-A5A8F662FBE6}.Release|Any CPU.ActiveCfg = Release|Any CPU
		{2079A947-52A2-4EFA-A88A-A5A8F662FBE6}.Release|Any CPU.Build.0 = Release|Any CPU
		{2079A947-52A2-4EFA-A88A-A5A8F662FBE6}.Release|ARM.ActiveCfg = Release|Any CPU
		{2079A947-52A2-4EFA-A88A-A5A8F662FBE6}.Release|ARM.Build.0 = Release|Any CPU
		{2079A947-52A2-4EFA-A88A-A5A8F662FBE6}.Release|iPhone.ActiveCfg = Release|Any CPU
		{2079A947-52A2-4EFA-A88A-A5A8F662FBE6}.Release|iPhone.Build.0 = Release|Any CPU
		{2079A947-52A2-4EFA-A88A-A5A8F662FBE6}.Release|iPhoneSimulator.ActiveCfg = Release|Any CPU
		{2079A947-52A2-4EFA-A88A-A5A8F662FBE6}.Release|iPhoneSimulator.Build.0 = Release|Any CPU
		{2079A947-52A2-4EFA-A88A-A5A8F662FBE6}.Release|x64.ActiveCfg = Release|Any CPU
		{2079A947-52A2-4EFA-A88A-A5A8F662FBE6}.Release|x64.Build.0 = Release|Any CPU
		{2079A947-52A2-4EFA-A88A-A5A8F662FBE6}.Release|x86.ActiveCfg = Release|Any CPU
		{2079A947-52A2-4EFA-A88A-A5A8F662FBE6}.Release|x86.Build.0 = Release|Any CPU
		{ED73D98F-DB7A-4396-A85B-880C07BEB005}.Debug|Any CPU.ActiveCfg = Debug|Any CPU
		{ED73D98F-DB7A-4396-A85B-880C07BEB005}.Debug|Any CPU.Build.0 = Debug|Any CPU
		{ED73D98F-DB7A-4396-A85B-880C07BEB005}.Debug|ARM.ActiveCfg = Debug|Any CPU
		{ED73D98F-DB7A-4396-A85B-880C07BEB005}.Debug|ARM.Build.0 = Debug|Any CPU
		{ED73D98F-DB7A-4396-A85B-880C07BEB005}.Debug|iPhone.ActiveCfg = Debug|Any CPU
		{ED73D98F-DB7A-4396-A85B-880C07BEB005}.Debug|iPhone.Build.0 = Debug|Any CPU
		{ED73D98F-DB7A-4396-A85B-880C07BEB005}.Debug|iPhoneSimulator.ActiveCfg = Debug|Any CPU
		{ED73D98F-DB7A-4396-A85B-880C07BEB005}.Debug|iPhoneSimulator.Build.0 = Debug|Any CPU
		{ED73D98F-DB7A-4396-A85B-880C07BEB005}.Debug|x64.ActiveCfg = Debug|Any CPU
		{ED73D98F-DB7A-4396-A85B-880C07BEB005}.Debug|x64.Build.0 = Debug|Any CPU
		{ED73D98F-DB7A-4396-A85B-880C07BEB005}.Debug|x86.ActiveCfg = Debug|Any CPU
		{ED73D98F-DB7A-4396-A85B-880C07BEB005}.Debug|x86.Build.0 = Debug|Any CPU
		{ED73D98F-DB7A-4396-A85B-880C07BEB005}.Release|Any CPU.ActiveCfg = Release|Any CPU
		{ED73D98F-DB7A-4396-A85B-880C07BEB005}.Release|Any CPU.Build.0 = Release|Any CPU
		{ED73D98F-DB7A-4396-A85B-880C07BEB005}.Release|ARM.ActiveCfg = Release|Any CPU
		{ED73D98F-DB7A-4396-A85B-880C07BEB005}.Release|ARM.Build.0 = Release|Any CPU
		{ED73D98F-DB7A-4396-A85B-880C07BEB005}.Release|iPhone.ActiveCfg = Release|Any CPU
		{ED73D98F-DB7A-4396-A85B-880C07BEB005}.Release|iPhone.Build.0 = Release|Any CPU
		{ED73D98F-DB7A-4396-A85B-880C07BEB005}.Release|iPhoneSimulator.ActiveCfg = Release|Any CPU
		{ED73D98F-DB7A-4396-A85B-880C07BEB005}.Release|iPhoneSimulator.Build.0 = Release|Any CPU
		{ED73D98F-DB7A-4396-A85B-880C07BEB005}.Release|x64.ActiveCfg = Release|Any CPU
		{ED73D98F-DB7A-4396-A85B-880C07BEB005}.Release|x64.Build.0 = Release|Any CPU
		{ED73D98F-DB7A-4396-A85B-880C07BEB005}.Release|x86.ActiveCfg = Release|Any CPU
		{ED73D98F-DB7A-4396-A85B-880C07BEB005}.Release|x86.Build.0 = Release|Any CPU
	EndGlobalSection
	GlobalSection(SolutionProperties) = preSolution
		HideSolutionNode = FALSE
	EndGlobalSection
	GlobalSection(NestedProjects) = preSolution
		{AAFC34E6-1D9C-4900-A9E2-1035B36D2318} = {F0E1D19D-1759-4642-86A4-1E8C81940F75}
		{EE53F660-EA0B-446A-A747-01BB7B920588} = {F0E1D19D-1759-4642-86A4-1E8C81940F75}
		{21270A5D-0F8F-4933-8C21-382D43BDFFB2} = {EE53F660-EA0B-446A-A747-01BB7B920588}
		{E263DB69-8936-4FEA-B98D-EE76F75862FF} = {21270A5D-0F8F-4933-8C21-382D43BDFFB2}
		{46E09156-1DA0-4102-926F-DFBCD08914DA} = {21270A5D-0F8F-4933-8C21-382D43BDFFB2}
		{3D584921-4514-4301-AE6A-8F361D18B90A} = {EE53F660-EA0B-446A-A747-01BB7B920588}
		{7FDF756F-3953-45FB-B15F-82069CBFB880} = {46E09156-1DA0-4102-926F-DFBCD08914DA}
		{F1610344-5714-4A24-9E66-88A53C888D4C} = {3A5A6D7D-7D82-46AE-8B31-CB097072BF30}
		{6169B2CA-F354-493B-8D1D-91C48B933ED4} = {E263DB69-8936-4FEA-B98D-EE76F75862FF}
		{734B7105-42C1-46B4-BEBB-165FF009BFBF} = {3A5A6D7D-7D82-46AE-8B31-CB097072BF30}
		{E67E2412-4ACC-4197-B59B-1D050FC672D4} = {732DBC44-8B4B-4D83-9FD4-E895145621A0}
		{E6AA2998-345D-4895-8638-E0219C6EABD3} = {732DBC44-8B4B-4D83-9FD4-E895145621A0}
		{8E0F6E53-A902-4BF5-A985-ACC46C968587} = {732DBC44-8B4B-4D83-9FD4-E895145621A0}
		{25479098-5D40-48E1-A8F6-31D4141CBD12} = {732DBC44-8B4B-4D83-9FD4-E895145621A0}
		{B2B15520-4C33-4712-B15F-838E84F1B15A} = {732DBC44-8B4B-4D83-9FD4-E895145621A0}
		{62A59BDE-4E8E-4F62-9656-4391C8F8F019} = {1371F74E-4784-4161-A3D3-44B5CE564466}
		{B2E40E91-9800-447D-94DF-27BBA5E6C901} = {21270A5D-0F8F-4933-8C21-382D43BDFFB2}
		{3A5A6D7D-7D82-46AE-8B31-CB097072BF30} = {EE53F660-EA0B-446A-A747-01BB7B920588}
		{732DBC44-8B4B-4D83-9FD4-E895145621A0} = {3D584921-4514-4301-AE6A-8F361D18B90A}
		{6B91C175-BE1F-46A3-B473-71D88B1D35D6} = {3D584921-4514-4301-AE6A-8F361D18B90A}
		{E040E113-1BDE-42FE-8DDC-2E4833013139} = {6B91C175-BE1F-46A3-B473-71D88B1D35D6}
		{5D63FE2A-5EF6-443F-8AE2-9B2F27279069} = {EE53F660-EA0B-446A-A747-01BB7B920588}
		{28EC1B1B-5F0E-47BC-86F8-676B050AF098} = {2AAEF8DB-FEF8-43BE-AE02-D3DFD38DEF39}
		{AAECA989-82C4-4BCF-92F6-F7EB89F7448F} = {B2E40E91-9800-447D-94DF-27BBA5E6C901}
		{6825EC17-F1D3-492C-9DF7-F51D5C5B5E88} = {D6090354-EA09-46F6-8387-F49C2990709F}
		{D6090354-EA09-46F6-8387-F49C2990709F} = {5D63FE2A-5EF6-443F-8AE2-9B2F27279069}
		{2AAEF8DB-FEF8-43BE-AE02-D3DFD38DEF39} = {5D63FE2A-5EF6-443F-8AE2-9B2F27279069}
		{C0FE52A5-6188-4C20-B1F6-14D3D17B7327} = {5D63FE2A-5EF6-443F-8AE2-9B2F27279069}
		{CC6C7C84-5312-454D-9626-ECAD906E5ED1} = {C0FE52A5-6188-4C20-B1F6-14D3D17B7327}
		{31F1D348-CEC1-43EA-8F29-20D67A0C2F97} = {C0FE52A5-6188-4C20-B1F6-14D3D17B7327}
		{8D488DEB-42D7-4E47-B153-C7A5A9116AF3} = {C0FE52A5-6188-4C20-B1F6-14D3D17B7327}
		{0C3F7916-BF66-4311-B682-21EFBA82BB06} = {C0FE52A5-6188-4C20-B1F6-14D3D17B7327}
		{1371F74E-4784-4161-A3D3-44B5CE564466} = {AAFC34E6-1D9C-4900-A9E2-1035B36D2318}
		{2079A947-52A2-4EFA-A88A-A5A8F662FBE6} = {E263DB69-8936-4FEA-B98D-EE76F75862FF}
		{ED73D98F-DB7A-4396-A85B-880C07BEB005} = {B2E40E91-9800-447D-94DF-27BBA5E6C901}
	EndGlobalSection
	GlobalSection(ExtensibilityGlobals) = postSolution
		SolutionGuid = {39973E6E-9EF3-42BD-9941-4C735DB6FBC8}
	EndGlobalSection
EndGlobal
